{
  "version": 4,
  "terraform_version": "0.12.24",
  "serial": 26,
  "lineage": "2a35fa22-004a-af27-8b1d-2cc10d370915",
  "outputs": {},
  "resources": [
    {
      "mode": "managed",
      "type": "aws_iam_policy",
      "name": "replication",
      "provider": "provider.aws",
      "instances": []
    },
    {
      "mode": "managed",
      "type": "aws_iam_role",
      "name": "replication",
      "provider": "provider.aws",
      "instances": [
        {
          "schema_version": 0,
          "attributes": {
            "arn": "arn:aws:iam::154204971707:role/tf-iam-role-replication-12345",
            "assume_role_policy": "{\"Version\":\"2012-10-17\",\"Statement\":[{\"Sid\":\"\",\"Effect\":\"Allow\",\"Principal\":{\"Service\":\"s3.amazonaws.com\"},\"Action\":\"sts:AssumeRole\"}]}",
            "create_date": "2020-05-12T03:40:32Z",
            "description": "",
            "force_detach_policies": false,
            "id": "tf-iam-role-replication-12345",
            "max_session_duration": 3600,
            "name": "tf-iam-role-replication-12345",
            "name_prefix": null,
            "path": "/",
            "permissions_boundary": null,
            "tags": null,
            "unique_id": "AROASHZ2VEK55MIWER3C6"
          },
          "private": "bnVsbA=="
        }
      ]
    },
    {
      "mode": "managed",
      "type": "aws_iam_role_policy_attachment",
      "name": "replication",
      "provider": "provider.aws",
      "instances": []
    },
    {
      "mode": "managed",
      "type": "aws_s3_bucket",
      "name": "bucket",
      "provider": "provider.aws",
      "instances": []
    }
  ]
}
